// !$*UTF8*$!
{
	archiveVersion = 1;
	classes = {
	};
	objectVersion = 46;
	objects = {

/* Begin PBXBuildFile section */
		18CF73FC194338E400326DD3 /* AppDelegate.swift in Sources */ = {isa = PBXBuildFile; fileRef = 18CF73FB194338E400326DD3 /* AppDelegate.swift */; };
		18CF73FE194338E400326DD3 /* ViewController.swift in Sources */ = {isa = PBXBuildFile; fileRef = 18CF73FD194338E400326DD3 /* ViewController.swift */; };
		18CF7401194338E400326DD3 /* Main.storyboard in Resources */ = {isa = PBXBuildFile; fileRef = 18CF73FF194338E400326DD3 /* Main.storyboard */; };
		18CF7403194338E400326DD3 /* Images.xcassets in Resources */ = {isa = PBXBuildFile; fileRef = 18CF7402194338E400326DD3 /* Images.xcassets */; };
		18CF740F194338E400326DD3 /* swiftappTests.swift in Sources */ = {isa = PBXBuildFile; fileRef = 18CF740E194338E400326DD3 /* swiftappTests.swift */; };
/* End PBXBuildFile section */

/* Begin PBXContainerItemProxy section */
		18CF7409194338E400326DD3 /* PBXContainerItemProxy */ = {
			isa = PBXContainerItemProxy;
			containerPortal = 18CF73EE194338E400326DD3 /* Project object */;
			proxyType = 1;
			remoteGlobalIDString = 18CF73F5194338E400326DD3;
			remoteInfo = swiftapp;
		};
/* End PBXContainerItemProxy section */

/* Begin PBXFileReference section */
		18CF73F6194338E400326DD3 /* swiftapp.app */ = {isa = PBXFileReference; explicitFileType = wrapper.application; includeInIndex = 0; path = swiftapp.app; sourceTree = BUILT_PRODUCTS_DIR; };
		18CF73FA194338E400326DD3 /* Info.plist */ = {isa = PBXFileReference; lastKnownFileType = text.plist.xml; path = Info.plist; sourceTree = "<group>"; };
		18CF73FB194338E400326DD3 /* AppDelegate.swift */ = {isa = PBXFileReference; lastKnownFileType = sourcecode.swift; path = AppDelegate.swift; sourceTree = "<group>"; };
		18CF73FD194338E400326DD3 /* ViewController.swift */ = {isa = PBXFileReference; lastKnownFileType = sourcecode.swift; path = ViewController.swift; sourceTree = "<group>"; };
		18CF7400194338E400326DD3 /* Base */ = {isa = PBXFileReference; lastKnownFileType = file.storyboard; name = Base; path = Base.lproj/Main.storyboard; sourceTree = "<group>"; };
		18CF7402194338E400326DD3 /* Images.xcassets */ = {isa = PBXFileReference; lastKnownFileType = folder.assetcatalog; path = Images.xcassets; sourceTree = "<group>"; };
		18CF7408194338E400326DD3 /* swiftappTests.xctest */ = {isa = PBXFileReference; explicitFileType = wrapper.cfbundle; includeInIndex = 0; path = swiftappTests.xctest; sourceTree = BUILT_PRODUCTS_DIR; };
		18CF740D194338E400326DD3 /* Info.plist */ = {isa = PBXFileReference; lastKnownFileType = text.plist.xml; path = Info.plist; sourceTree = "<group>"; };
		18CF740E194338E400326DD3 /* swiftappTests.swift */ = {isa = PBXFileReference; lastKnownFileType = sourcecode.swift; path = swiftappTests.swift; sourceTree = "<group>"; };
/* End PBXFileReference section */

/* Begin PBXFrameworksBuildPhase section */
		18CF73F3194338E400326DD3 /* Frameworks */ = {
			isa = PBXFrameworksBuildPhase;
			buildActionMask = 2147483647;
			files = (
			);
			runOnlyForDeploymentPostprocessing = 0;
		};
		18CF7405194338E400326DD3 /* Frameworks */ = {
			isa = PBXFrameworksBuildPhase;
			buildActionMask = 2147483647;
			files = (
			);
			runOnlyForDeploymentPostprocessing = 0;
		};
/* End PBXFrameworksBuildPhase section */

/* Begin PBXGroup section */
		18CF73ED194338E300326DD3 = {
			isa = PBXGroup;
			children = (
				18CF73F8194338E400326DD3 /* swiftapp */,
				18CF740B194338E400326DD3 /* swiftappTests */,
				18CF73F7194338E400326DD3 /* Products */,
			);
			sourceTree = "<group>";
		};
		18CF73F7194338E400326DD3 /* Products */ = {
			isa = PBXGroup;
			children = (
				18CF73F6194338E400326DD3 /* swiftapp.app */,
				18CF7408194338E400326DD3 /* swiftappTests.xctest */,
			);
			name = Products;
			sourceTree = "<group>";
		};
		18CF73F8194338E400326DD3 /* swiftapp */ = {
			isa = PBXGroup;
			children = (
				18CF73FB194338E400326DD3 /* AppDelegate.swift */,
				18CF73FD194338E400326DD3 /* ViewController.swift */,
				18CF73FF194338E400326DD3 /* Main.storyboard */,
				18CF7402194338E400326DD3 /* Images.xcassets */,
				18CF73F9194338E400326DD3 /* Supporting Files */,
			);
			path = swiftapp;
			sourceTree = "<group>";
		};
		18CF73F9194338E400326DD3 /* Supporting Files */ = {
			isa = PBXGroup;
			children = (
				18CF73FA194338E400326DD3 /* Info.plist */,
			);
			name = "Supporting Files";
			sourceTree = "<group>";
		};
		18CF740B194338E400326DD3 /* swiftappTests */ = {
			isa = PBXGroup;
			children = (
				18CF740E194338E400326DD3 /* swiftappTests.swift */,
				18CF740C194338E400326DD3 /* Supporting Files */,
			);
			path = swiftappTests;
			sourceTree = "<group>";
		};
		18CF740C194338E400326DD3 /* Supporting Files */ = {
			isa = PBXGroup;
			children = (
				18CF740D194338E400326DD3 /* Info.plist */,
			);
			name = "Supporting Files";
			sourceTree = "<group>";
		};
/* End PBXGroup section */

/* Begin PBXNativeTarget section */
		18CF73F5194338E400326DD3 /* swiftapp */ = {
			isa = PBXNativeTarget;
			buildConfigurationList = 18CF7412194338E400326DD3 /* Build configuration list for PBXNativeTarget "swiftapp" */;
			buildPhases = (
				18CF73F2194338E400326DD3 /* Sources */,
				18CF73F3194338E400326DD3 /* Frameworks */,
				18CF73F4194338E400326DD3 /* Resources */,
			);
			buildRules = (
			);
			dependencies = (
			);
			name = swiftapp;
			productName = swiftapp;
			productReference = 18CF73F6194338E400326DD3 /* swiftapp.app */;
			productType = "com.apple.product-type.application";
		};
		18CF7407194338E400326DD3 /* swiftappTests */ = {
			isa = PBXNativeTarget;
			buildConfigurationList = 18CF7415194338E400326DD3 /* Build configuration list for PBXNativeTarget "swiftappTests" */;
			buildPhases = (
				18CF7404194338E400326DD3 /* Sources */,
				18CF7405194338E400326DD3 /* Frameworks */,
				18CF7406194338E400326DD3 /* Resources */,
			);
			buildRules = (
			);
			dependencies = (
				18CF740A194338E400326DD3 /* PBXTargetDependency */,
			);
			name = swiftappTests;
			productName = swiftappTests;
			productReference = 18CF7408194338E400326DD3 /* swiftappTests.xctest */;
			productType = "com.apple.product-type.bundle.unit-test";
		};
/* End PBXNativeTarget section */

/* Begin PBXProject section */
		18CF73EE194338E400326DD3 /* Project object */ = {
			isa = PBXProject;
			attributes = {
				LastUpgradeCheck = 0600;
				ORGANIZATIONNAME = slayer;
				TargetAttributes = {
					18CF73F5194338E400326DD3 = {
						CreatedOnToolsVersion = 6.0;
					};
					18CF7407194338E400326DD3 = {
						CreatedOnToolsVersion = 6.0;
						TestTargetID = 18CF73F5194338E400326DD3;
					};
				};
			};
			buildConfigurationList = 18CF73F1194338E400326DD3 /* Build configuration list for PBXProject "swiftapp" */;
			compatibilityVersion = "Xcode 3.2";
			developmentRegion = English;
			hasScannedForEncodings = 0;
			knownRegions = (
				en,
				Base,
			);
			mainGroup = 18CF73ED194338E300326DD3;
			productRefGroup = 18CF73F7194338E400326DD3 /* Products */;
			projectDirPath = "";
			projectRoot = "";
			targets = (
				18CF73F5194338E400326DD3 /* swiftapp */,
				18CF7407194338E400326DD3 /* swiftappTests */,
			);
		};
/* End PBXProject section */

/* Begin PBXResourcesBuildPhase section */
		18CF73F4194338E400326DD3 /* Resources */ = {
			isa = PBXResourcesBuildPhase;
			buildActionMask = 2147483647;
			files = (
				18CF7401194338E400326DD3 /* Main.storyboard in Resources */,
				18CF7403194338E400326DD3 /* Images.xcassets in Resources */,
			);
			runOnlyForDeploymentPostprocessing = 0;
		};
		18CF7406194338E400326DD3 /* Resources */ = {
			isa = PBXResourcesBuildPhase;
			buildActionMask = 2147483647;
			files = (
			);
			runOnlyForDeploymentPostprocessing = 0;
		};
/* End PBXResourcesBuildPhase section */

/* Begin PBXSourcesBuildPhase section */
		18CF73F2194338E400326DD3 /* Sources */ = {
			isa = PBXSourcesBuildPhase;
			buildActionMask = 2147483647;
			files = (
				18CF73FE194338E400326DD3 /* ViewController.swift in Sources */,
				18CF73FC194338E400326DD3 /* AppDelegate.swift in Sources */,
			);
			runOnlyForDeploymentPostprocessing = 0;
		};
		18CF7404194338E400326DD3 /* Sources */ = {
			isa = PBXSourcesBuildPhase;
			buildActionMask = 2147483647;
			files = (
				18CF740F194338E400326DD3 /* swiftappTests.swift in Sources */,
			);
			runOnlyForDeploymentPostprocessing = 0;
		};
/* End PBXSourcesBuildPhase section */

/* Begin PBXTargetDependency section */
		18CF740A194338E400326DD3 /* PBXTargetDependency */ = {
			isa = PBXTargetDependency;
			target = 18CF73F5194338E400326DD3 /* swiftapp */;
			targetProxy = 18CF7409194338E400326DD3 /* PBXContainerItemProxy */;
		};
/* End PBXTargetDependency section */

/* Begin PBXVariantGroup section */
		18CF73FF194338E400326DD3 /* Main.storyboard */ = {
			isa = PBXVariantGroup;
			children = (
				18CF7400194338E400326DD3 /* Base */,
			);
			name = Main.storyboard;
			sourceTree = "<group>";
		};
/* End PBXVariantGroup section */

/* Begin XCBuildConfiguration section */
		18CF7410194338E400326DD3 /* Debug */ = {
			isa = XCBuildConfiguration;
			buildSettings = {
				ALWAYS_SEARCH_USER_PATHS = NO;
				CLANG_CXX_LANGUAGE_STANDARD = "gnu++0x";
				CLANG_CXX_LIBRARY = "libc++";
				CLANG_ENABLE_MODULES = YES;
				CLANG_ENABLE_OBJC_ARC = YES;
				CLANG_WARN_BOOL_CONVERSION = YES;
				CLANG_WARN_CONSTANT_CONVERSION = YES;
				CLANG_WARN_DIRECT_OBJC_ISA_USAGE = YES_ERROR;
				CLANG_WARN_EMPTY_BODY = YES;
				CLANG_WARN_ENUM_CONVERSION = YES;
				CLANG_WARN_INT_CONVERSION = YES;
				CLANG_WARN_OBJC_ROOT_CLASS = YES_ERROR;
				CLANG_WARN_UNREACHABLE_CODE = YES;
				CLANG_WARN__DUPLICATE_METHOD_MATCH = YES;
				"CODE_SIGN_IDENTITY[sdk=iphoneos*]" = "iPhone Developer";
				COPY_PHASE_STRIP = NO;
				ENABLE_STRICT_OBJC_MSGSEND = YES;
				GCC_C_LANGUAGE_STANDARD = gnu99;
				GCC_DYNAMIC_NO_PIC = NO;
				GCC_OPTIMIZATION_LEVEL = 0;
				GCC_PREPROCESSOR_DEFINITIONS = (
					"DEBUG=1",
					"$(inherited)",
				);
				GCC_SYMBOLS_PRIVATE_EXTERN = NO;
				GCC_WARN_64_TO_32_BIT_CONVERSION = YES;
				GCC_WARN_ABOUT_RETURN_TYPE = YES_ERROR;
				GCC_WARN_UNDECLARED_SELECTOR = YES;
				GCC_WARN_UNINITIALIZED_AUTOS = YES_AGGRESSIVE;
				GCC_WARN_UNUSED_FUNCTION = YES;
				GCC_WARN_UNUSED_VARIABLE = YES;
				IPHONEOS_DEPLOYMENT_TARGET = 8.0;
				METAL_ENABLE_DEBUG_INFO = YES;
				ONLY_ACTIVE_ARCH = YES;
				SDKROOT = iphoneos;
				SWIFT_OPTIMIZATION_LEVEL = "-Onone";
				TARGETED_DEVICE_FAMILY = "1,2";
			};
			name = Debug;
		};
		18CF7411194338E400326DD3 /* Release */ = {
			isa = XCBuildConfiguration;
			buildSettings = {
				ALWAYS_SEARCH_USER_PATHS = NO;
				CLANG_CXX_LANGUAGE_STANDARD = "gnu++0x";
				CLANG_CXX_LIBRARY = "libc++";
				CLANG_ENABLE_MODULES = YES;
				CLANG_ENABLE_OBJC_ARC = YES;
				CLANG_WARN_BOOL_CONVERSION = YES;
				CLANG_WARN_CONSTANT_CONVERSION = YES;
				CLANG_WARN_DIRECT_OBJC_ISA_USAGE = YES_ERROR;
				CLANG_WARN_EMPTY_BODY = YES;
				CLANG_WARN_ENUM_CONVERSION = YES;
				CLANG_WARN_INT_CONVERSION = YES;
				CLANG_WARN_OBJC_ROOT_CLASS = YES_ERROR;
				CLANG_WARN_UNREACHABLE_CODE = YES;
				CLANG_WARN__DUPLICATE_METHOD_MATCH = YES;
				"CODE_SIGN_IDENTITY[sdk=iphoneos*]" = "iPhone Developer";
				COPY_PHASE_STRIP = YES;
				ENABLE_NS_ASSERTIONS = NO;
				ENABLE_STRICT_OBJC_MSGSEND = YES;
				GCC_C_LANGUAGE_STANDARD = gnu99;
				GCC_WARN_64_TO_32_BIT_CONVERSION = YES;
				GCC_WARN_ABOUT_RETURN_TYPE = YES_ERROR;
				GCC_WARN_UNDECLARED_SELECTOR = YES;
				GCC_WARN_UNINITIALIZED_AUTOS = YES_AGGRESSIVE;
				GCC_WARN_UNUSED_FUNCTION = YES;
				GCC_WARN_UNUSED_VARIABLE = YES;
				IPHONEOS_DEPLOYMENT_TARGET = 8.0;
				METAL_ENABLE_DEBUG_INFO = NO;
				SDKROOT = iphoneos;
				TARGETED_DEVICE_FAMILY = "1,2";
				VALIDATE_PRODUCT = YES;
			};
			name = Release;
		};
		18CF7413194338E400326DD3 /* Debug */ = {
			isa = XCBuildConfiguration;
			buildSettings = {
				ASSETCATALOG_COMPILER_APPICON_NAME = AppIcon;
				ASSETCATALOG_COMPILER_LAUNCHIMAGE_NAME = LaunchImage;
				INFOPLIST_FILE = swiftapp/Info.plist;
				LD_RUNPATH_SEARCH_PATHS = "$(inherited) @executable_path/Frameworks";
				PRODUCT_NAME = "$(TARGET_NAME)";
			};
			name = Debug;
		};
		18CF7414194338E400326DD3 /* Release */ = {
			isa = XCBuildConfiguration;
			buildSettings = {
				ASSETCATALOG_COMPILER_APPICON_NAME = AppIcon;
				ASSETCATALOG_COMPILER_LAUNCHIMAGE_NAME = LaunchImage;
				INFOPLIST_FILE = swiftapp/Info.plist;
				LD_RUNPATH_SEARCH_PATHS = "$(inherited) @executable_path/Frameworks";
				PRODUCT_NAME = "$(TARGET_NAME)";
			};
			name = Release;
		};
		18CF7416194338E400326DD3 /* Debug */ = {
			isa = XCBuildConfiguration;
			buildSettings = {
				BUNDLE_LOADER = "$(BUILT_PRODUCTS_DIR)/swiftapp.app/swiftapp";
				FRAMEWORK_SEARCH_PATHS = (
					"$(SDKROOT)/Developer/Library/Frameworks",
					"$(inherited)",
				);
				GCC_PREPROCESSOR_DEFINITIONS = (
					"DEBUG=1",
					"$(inherited)",
				);
				INFOPLIST_FILE = swiftappTests/Info.plist;
				LD_RUNPATH_SEARCH_PATHS = "$(inherited) @executable_path/Frameworks @loader_path/Frameworks";
				METAL_ENABLE_DEBUG_INFO = YES;
				PRODUCT_NAME = "$(TARGET_NAME)";
				TEST_HOST = "$(BUNDLE_LOADER)";
			};
			name = Debug;
		};
		18CF7417194338E400326DD3 /* Release */ = {
			isa = XCBuildConfiguration;
			buildSettings = {
				BUNDLE_LOADER = "$(BUILT_PRODUCTS_DIR)/swiftapp.app/swiftapp";
				FRAMEWORK_SEARCH_PATHS = (
					"$(SDKROOT)/Developer/Library/Frameworks",
					"$(inherited)",
				);
				INFOPLIST_FILE = swiftappTests/Info.plist;
				LD_RUNPATH_SEARCH_PATHS = "$(inherited) @executable_path/Frameworks @loader_path/Frameworks";
				METAL_ENABLE_DEBUG_INFO = NO;
				PRODUCT_NAME = "$(TARGET_NAME)";
				TEST_HOST = "$(BUNDLE_LOADER)";
			};
			name = Release;
		};
/* End XCBuildConfiguration section */

/* Begin XCConfigurationList section */
		18CF73F1194338E400326DD3 /* Build configuration list for PBXProject "swiftapp" */ = {
			isa = XCConfigurationList;
			buildConfigurations = (
				18CF7410194338E400326DD3 /* Debug */,
				18CF7411194338E400326DD3 /* Release */,
			);
			defaultConfigurationIsVisible = 0;
			defaultConfigurationName = Release;
		};
		18CF7412194338E400326DD3 /* Build configuration list for PBXNativeTarget "swiftapp" */ = {
			isa = XCConfigurationList;
			buildConfigurations = (
				18CF7413194338E400326DD3 /* Debug */,
				18CF7414194338E400326DD3 /* Release */,
			);
			defaultConfigurationIsVisible = 0;
		};
		18CF7415194338E400326DD3 /* Build configuration list for PBXNativeTarget "swiftappTests" */ = {
			isa = XCConfigurationList;
			buildConfigurations = (
				18CF7416194338E400326DD3 /* Debug */,
				18CF7417194338E400326DD3 /* Release */,
			);
			defaultConfigurationIsVisible = 0;
		};
/* End XCConfigurationList section */
	};
	rootObject = 18CF73EE194338E400326DD3 /* Project object */;
}
